
Microsoft Visual Studio Solution File, Format Version 12.00
# Visual Studio Version 17
VisualStudioVersion = 17.14.36414.22 d17.14
MinimumVisualStudioVersion = 10.0.40219.1
Project("{FAE04EC0-301F-11D3-BF4B-00C04F79EFBC}") = "ifek", "ifek\ifek.csproj", "{1ACB1B1F-3F4F-42D5-9B9A-A91C4EB39E90}"
EndProject
Global
	GlobalSection(SolutionConfigurationPlatforms) = preSolution
		Debug|Any CPU = Debug|Any CPU
		Release|Any CPU = Release|Any CPU
	EndGlobalSection
	GlobalSection(ProjectConfigurationPlatforms) = postSolution
		{1ACB1B1F-3F4F-42D5-9B9A-A91C4EB39E90}.Debug|Any CPU.ActiveCfg = Debug|Any CPU
		{1ACB1B1F-3F4F-42D5-9B9A-A91C4EB39E90}.Debug|Any CPU.Build.0 = Debug|Any CPU
		{1ACB1B1F-3F4F-42D5-9B9A-A91C4EB39E90}.Release|Any CPU.ActiveCfg = Release|Any CPU
		{1ACB1B1F-3F4F-42D5-9B9A-A91C4EB39E90}.Release|Any CPU.Build.0 = Release|Any CPU
	EndGlobalSection
	GlobalSection(SolutionProperties) = preSolution
		HideSolutionNode = FALSE
	EndGlobalSection
	GlobalSection(ExtensibilityGlobals) = postSolution
		SolutionGuid = {0E6A9898-31A0-4ADA-A153-5C97FCA075AC}
	EndGlobalSection
EndGlobal
